{
  "name": "sgad",
  "version": "0.3.0",
  "lockfileVersion": 3,
  "requires": true,
  "packages": {
    "": {
      "name": "sgad",
      "version": "0.3.0",
      "license": "MIT",
      "bin": {
        "sgad": "bin/sgad.js"
      },
      "engines": {
        "node": ">=20.0.0"
      }
    }
  }
}
